
Microsoft Visual Studio Solution File, Format Version 12.00
# Visual Studio Version 17
VisualStudioVersion = 17.8.34309.116
MinimumVisualStudioVersion = 10.0.40219.1
Project("{FAE04EC0-301F-11D3-BF4B-00C04F79EFBC}") = "MovieTickets", "MovieTickets.csproj", "{0C49FAAF-091C-48C8-9B7F-D41FF5C61E90}"
EndProject
Global
	GlobalSection(SolutionConfigurationPlatforms) = preSolution
		Debug|Any CPU = Debug|Any CPU
		Release|Any CPU = Release|Any CPU
	EndGlobalSection
	GlobalSection(ProjectConfigurationPlatforms) = postSolution
		{0C49FAAF-091C-48C8-9B7F-D41FF5C61E90}.Debug|Any CPU.ActiveCfg = Debug|Any CPU
		{0C49FAAF-091C-48C8-9B7F-D41FF5C61E90}.Debug|Any CPU.Build.0 = Debug|Any CPU
		{0C49FAAF-091C-48C8-9B7F-D41FF5C61E90}.Release|Any CPU.ActiveCfg = Release|Any CPU
		{0C49FAAF-091C-48C8-9B7F-D41FF5C61E90}.Release|Any CPU.Build.0 = Release|Any CPU
	EndGlobalSection
	GlobalSection(SolutionProperties) = preSolution
		HideSolutionNode = FALSE
	EndGlobalSection
	GlobalSection(ExtensibilityGlobals) = postSolution
		SolutionGuid = {AC3D79BD-9A45-441A-AE96-641F3CB8195E}
	EndGlobalSection
EndGlobal
